
Microsoft Visual Studio Solution File, Format Version 12.00
# Visual Studio 2013
VisualStudioVersion = 12.0.21005.1
MinimumVisualStudioVersion = 10.0.40219.1
Project("{8BC9CEB8-8B4A-11D0-8D11-00A0C91BC942}") = "MemoryManagementProj", "MemoryManagementProj\MemoryManagementProj.vcxproj", "{9358B467-8886-45A3-91B7-8B5D2F8DC93A}"
EndProject
Global
	GlobalSection(SolutionConfigurationPlatforms) = preSolution
		Debug|Win32 = Debug|Win32
		Release|Win32 = Release|Win32
	EndGlobalSection
	GlobalSection(ProjectConfigurationPlatforms) = postSolution
		{9358B467-8886-45A3-91B7-8B5D2F8DC93A}.Debug|Win32.ActiveCfg = Debug|Win32
		{9358B467-8886-45A3-91B7-8B5D2F8DC93A}.Debug|Win32.Build.0 = Debug|Win32
		{9358B467-8886-45A3-91B7-8B5D2F8DC93A}.Release|Win32.ActiveCfg = Release|Win32
		{9358B467-8886-45A3-91B7-8B5D2F8DC93A}.Release|Win32.Build.0 = Release|Win32
	EndGlobalSection
	GlobalSection(SolutionProperties) = preSolution
		HideSolutionNode = FALSE
	EndGlobalSection
EndGlobal
